
Microsoft Visual Studio Solution File, Format Version 12.00
# Visual Studio Version 16
VisualStudioVersion = 16.0.30503.244
MinimumVisualStudioVersion = 10.0.40219.1
Project("{FAE04EC0-301F-11D3-BF4B-00C04F79EFBC}") = "Formularios", "Login\Formularios.csproj", "{FFF50A33-22BE-4AE7-8418-3F3FE19C6DE2}"
EndProject
Project("{FAE04EC0-301F-11D3-BF4B-00C04F79EFBC}") = "KwikEMart", "KwikEMart\KwikEMart.csproj", "{059410F0-24E2-4269-9B81-12D46BB69C22}"
EndProject
Global
	GlobalSection(SolutionConfigurationPlatforms) = preSolution
		Debug|Any CPU = Debug|Any CPU
		Release|Any CPU = Release|Any CPU
	EndGlobalSection
	GlobalSection(ProjectConfigurationPlatforms) = postSolution
		{FFF50A33-22BE-4AE7-8418-3F3FE19C6DE2}.Debug|Any CPU.ActiveCfg = Debug|Any CPU
		{FFF50A33-22BE-4AE7-8418-3F3FE19C6DE2}.Debug|Any CPU.Build.0 = Debug|Any CPU
		{FFF50A33-22BE-4AE7-8418-3F3FE19C6DE2}.Release|Any CPU.ActiveCfg = Release|Any CPU
		{FFF50A33-22BE-4AE7-8418-3F3FE19C6DE2}.Release|Any CPU.Build.0 = Release|Any CPU
		{059410F0-24E2-4269-9B81-12D46BB69C22}.Debug|Any CPU.ActiveCfg = Debug|Any CPU
		{059410F0-24E2-4269-9B81-12D46BB69C22}.Debug|Any CPU.Build.0 = Debug|Any CPU
		{059410F0-24E2-4269-9B81-12D46BB69C22}.Release|Any CPU.ActiveCfg = Release|Any CPU
		{059410F0-24E2-4269-9B81-12D46BB69C22}.Release|Any CPU.Build.0 = Release|Any CPU
	EndGlobalSection
	GlobalSection(SolutionProperties) = preSolution
		HideSolutionNode = FALSE
	EndGlobalSection
	GlobalSection(ExtensibilityGlobals) = postSolution
		SolutionGuid = {7D506C93-E9F1-4671-ABA9-40BF8E449550}
	EndGlobalSection
EndGlobal
